// !$*UTF8*$!
{
	archiveVersion = 1;
	classes = {
	};
	objectVersion = 48;
	objects = {

/* Begin PBXBuildFile section */
		06698DE5200AC2E400C51AFB /* AppDelegate.swift in Sources */ = {isa = PBXBuildFile; fileRef = 06698DE4200AC2E400C51AFB /* AppDelegate.swift */; };
		06698DE7200AC2E400C51AFB /* ViewController.swift in Sources */ = {isa = PBXBuildFile; fileRef = 06698DE6200AC2E400C51AFB /* ViewController.swift */; };
		06698DEA200AC2E400C51AFB /* Main.storyboard in Resources */ = {isa = PBXBuildFile; fileRef = 06698DE8200AC2E400C51AFB /* Main.storyboard */; };
		06698DEC200AC2E400C51AFB /* Assets.xcassets in Resources */ = {isa = PBXBuildFile; fileRef = 06698DEB200AC2E400C51AFB /* Assets.xcassets */; };
		06698DEF200AC2E400C51AFB /* LaunchScreen.storyboard in Resources */ = {isa = PBXBuildFile; fileRef = 06698DED200AC2E400C51AFB /* LaunchScreen.storyboard */; };
		06698DF7200AD6BD00C51AFB /* PageCell.swift in Sources */ = {isa = PBXBuildFile; fileRef = 06698DF6200AD6BD00C51AFB /* PageCell.swift */; };
/* End PBXBuildFile section */

/* Begin PBXFileReference section */
		06698DE1200AC2E400C51AFB /* ClcokApp.app */ = {isa = PBXFileReference; explicitFileType = wrapper.application; includeInIndex = 0; path = ClcokApp.app; sourceTree = BUILT_PRODUCTS_DIR; };
		06698DE4200AC2E400C51AFB /* AppDelegate.swift */ = {isa = PBXFileReference; lastKnownFileType = sourcecode.swift; path = AppDelegate.swift; sourceTree = "<group>"; };
		06698DE6200AC2E400C51AFB /* ViewController.swift */ = {isa = PBXFileReference; lastKnownFileType = sourcecode.swift; path = ViewController.swift; sourceTree = "<group>"; };
		06698DE9200AC2E400C51AFB /* Base */ = {isa = PBXFileReference; lastKnownFileType = file.storyboard; name = Base; path = Base.lproj/Main.storyboard; sourceTree = "<group>"; };
		06698DEB200AC2E400C51AFB /* Assets.xcassets */ = {isa = PBXFileReference; lastKnownFileType = folder.assetcatalog; path = Assets.xcassets; sourceTree = "<group>"; };
		06698DEE200AC2E400C51AFB /* Base */ = {isa = PBXFileReference; lastKnownFileType = file.storyboard; name = Base; path = Base.lproj/LaunchScreen.storyboard; sourceTree = "<group>"; };
		06698DF0200AC2E400C51AFB /* Info.plist */ = {isa = PBXFileReference; lastKnownFileType = text.plist.xml; path = Info.plist; sourceTree = "<group>"; };
		06698DF6200AD6BD00C51AFB /* PageCell.swift */ = {isa = PBXFileReference; lastKnownFileType = sourcecode.swift; path = PageCell.swift; sourceTree = "<group>"; };
/* End PBXFileReference section */

/* Begin PBXFrameworksBuildPhase section */
		06698DDE200AC2E400C51AFB /* Frameworks */ = {
			isa = PBXFrameworksBuildPhase;
			buildActionMask = 2147483647;
			files = (
			);
			runOnlyForDeploymentPostprocessing = 0;
		};
/* End PBXFrameworksBuildPhase section */

/* Begin PBXGroup section */
		06698DD8200AC2E400C51AFB = {
			isa = PBXGroup;
			children = (
				06698DE3200AC2E400C51AFB /* ClcokApp */,
				06698DE2200AC2E400C51AFB /* Products */,
			);
			sourceTree = "<group>";
		};
		06698DE2200AC2E400C51AFB /* Products */ = {
			isa = PBXGroup;
			children = (
				06698DE1200AC2E400C51AFB /* ClcokApp.app */,
			);
			name = Products;
			sourceTree = "<group>";
		};
		06698DE3200AC2E400C51AFB /* ClcokApp */ = {
			isa = PBXGroup;
			children = (
				06698DE4200AC2E400C51AFB /* AppDelegate.swift */,
				06698DE6200AC2E400C51AFB /* ViewController.swift */,
				06698DF6200AD6BD00C51AFB /* PageCell.swift */,
				06698DE8200AC2E400C51AFB /* Main.storyboard */,
				06698DEB200AC2E400C51AFB /* Assets.xcassets */,
				06698DED200AC2E400C51AFB /* LaunchScreen.storyboard */,
				06698DF0200AC2E400C51AFB /* Info.plist */,
			);
			path = ClcokApp;
			sourceTree = "<group>";
		};
/* End PBXGroup section */

/* Begin PBXNativeTarget section */
		06698DE0200AC2E400C51AFB /* ClcokApp */ = {
			isa = PBXNativeTarget;
			buildConfigurationList = 06698DF3200AC2E400C51AFB /* Build configuration list for PBXNativeTarget "ClcokApp" */;
			buildPhases = (
				06698DDD200AC2E400C51AFB /* Sources */,
				06698DDE200AC2E400C51AFB /* Frameworks */,
				06698DDF200AC2E400C51AFB /* Resources */,
			);
			buildRules = (
			);
			dependencies = (
			);
			name = ClcokApp;
			productName = ClcokApp;
			productReference = 06698DE1200AC2E400C51AFB /* ClcokApp.app */;
			productType = "com.apple.product-type.application";
		};
/* End PBXNativeTarget section */

/* Begin PBXProject section */
		06698DD9200AC2E400C51AFB /* Project object */ = {
			isa = PBXProject;
			attributes = {
				LastSwiftUpdateCheck = 0920;
				LastUpgradeCheck = 0920;
				ORGANIZATIONNAME = "R&E Software Studio";
				TargetAttributes = {
					06698DE0200AC2E400C51AFB = {
						CreatedOnToolsVersion = 9.2;
						ProvisioningStyle = Automatic;
					};
				};
			};
			buildConfigurationList = 06698DDC200AC2E400C51AFB /* Build configuration list for PBXProject "ClcokApp" */;
			compatibilityVersion = "Xcode 8.0";
			developmentRegion = en;
			hasScannedForEncodings = 0;
			knownRegions = (
				en,
				Base,
			);
			mainGroup = 06698DD8200AC2E400C51AFB;
			productRefGroup = 06698DE2200AC2E400C51AFB /* Products */;
			projectDirPath = "";
			projectRoot = "";
			targets = (
				06698DE0200AC2E400C51AFB /* ClcokApp */,
			);
		};
/* End PBXProject section */

/* Begin PBXResourcesBuildPhase section */
		06698DDF200AC2E400C51AFB /* Resources */ = {
			isa = PBXResourcesBuildPhase;
			buildActionMask = 2147483647;
			files = (
				06698DEF200AC2E400C51AFB /* LaunchScreen.storyboard in Resources */,
				06698DEC200AC2E400C51AFB /* Assets.xcassets in Resources */,
				06698DEA200AC2E400C51AFB /* Main.storyboard in Resources */,
			);
			runOnlyForDeploymentPostprocessing = 0;
		};
/* End PBXResourcesBuildPhase section */

/* Begin PBXSourcesBuildPhase section */
		06698DDD200AC2E400C51AFB /* Sources */ = {
			isa = PBXSourcesBuildPhase;
			buildActionMask = 2147483647;
			files = (
				06698DE7200AC2E400C51AFB /* ViewController.swift in Sources */,
				06698DE5200AC2E400C51AFB /* AppDelegate.swift in Sources */,
				06698DF7200AD6BD00C51AFB /* PageCell.swift in Sources */,
			);
			runOnlyForDeploymentPostprocessing = 0;
		};
/* End PBXSourcesBuildPhase section */

/* Begin PBXVariantGroup section */
		06698DE8200AC2E400C51AFB /* Main.storyboard */ = {
			isa = PBXVariantGroup;
			children = (
				06698DE9200AC2E400C51AFB /* Base */,
			);
			name = Main.storyboard;
			sourceTree = "<group>";
		};
		06698DED200AC2E400C51AFB /* LaunchScreen.storyboard */ = {
			isa = PBXVariantGroup;
			children = (
				06698DEE200AC2E400C51AFB /* Base */,
			);
			name = LaunchScreen.storyboard;
			sourceTree = "<group>";
		};
/* End PBXVariantGroup section */

/* Begin XCBuildConfiguration section */
		06698DF1200AC2E400C51AFB /* Debug */ = {
			isa = XCBuildConfiguration;
			buildSettings = {
				ALWAYS_SEARCH_USER_PATHS = NO;
				CLANG_ANALYZER_NONNULL = YES;
				CLANG_ANALYZER_NUMBER_OBJECT_CONVERSION = YES_AGGRESSIVE;
				CLANG_CXX_LANGUAGE_STANDARD = "gnu++14";
				CLANG_CXX_LIBRARY = "libc++";
				CLANG_ENABLE_MODULES = YES;
				CLANG_ENABLE_OBJC_ARC = YES;
				CLANG_WARN_BLOCK_CAPTURE_AUTORELEASING = YES;
				CLANG_WARN_BOOL_CONVERSION = YES;
				CLANG_WARN_COMMA = YES;
				CLANG_WARN_CONSTANT_CONVERSION = YES;
				CLANG_WARN_DIRECT_OBJC_ISA_USAGE = YES_ERROR;
				CLANG_WARN_DOCUMENTATION_COMMENTS = YES;
				CLANG_WARN_EMPTY_BODY = YES;
				CLANG_WARN_ENUM_CONVERSION = YES;
				CLANG_WARN_INFINITE_RECURSION = YES;
				CLANG_WARN_INT_CONVERSION = YES;
				CLANG_WARN_NON_LITERAL_NULL_CONVERSION = YES;
				CLANG_WARN_OBJC_LITERAL_CONVERSION = YES;
				CLANG_WARN_OBJC_ROOT_CLASS = YES_ERROR;
				CLANG_WARN_RANGE_LOOP_ANALYSIS = YES;
				CLANG_WARN_STRICT_PROTOTYPES = YES;
				CLANG_WARN_SUSPICIOUS_MOVE = YES;
				CLANG_WARN_UNGUARDED_AVAILABILITY = YES_AGGRESSIVE;
				CLANG_WARN_UNREACHABLE_CODE = YES;
				CLANG_WARN__DUPLICATE_METHOD_MATCH = YES;
				CODE_SIGN_IDENTITY = "iPhone Developer";
				COPY_PHASE_STRIP = NO;
				DEBUG_INFORMATION_FORMAT = dwarf;
				ENABLE_STRICT_OBJC_MSGSEND = YES;
				ENABLE_TESTABILITY = YES;
				GCC_C_LANGUAGE_STANDARD = gnu11;
				GCC_DYNAMIC_NO_PIC = NO;
				GCC_NO_COMMON_BLOCKS = YES;
				GCC_OPTIMIZATION_LEVEL = 0;
				GCC_PREPROCESSOR_DEFINITIONS = (
					"DEBUG=1",
					"$(inherited)",
				);
				GCC_WARN_64_TO_32_BIT_CONVERSION = YES;
				GCC_WARN_ABOUT_RETURN_TYPE = YES_ERROR;
				GCC_WARN_UNDECLARED_SELECTOR = YES;
				GCC_WARN_UNINITIALIZED_AUTOS = YES_AGGRESSIVE;
				GCC_WARN_UNUSED_FUNCTION = YES;
				GCC_WARN_UNUSED_VARIABLE = YES;
				IPHONEOS_DEPLOYMENT_TARGET = 11.2;
				MTL_ENABLE_DEBUG_INFO = YES;
				ONLY_ACTIVE_ARCH = YES;
				SDKROOT = iphoneos;
				SWIFT_ACTIVE_COMPILATION_CONDITIONS = DEBUG;
				SWIFT_OPTIMIZATION_LEVEL = "-Onone";
			};
			name = Debug;
		};
		06698DF2200AC2E400C51AFB /* Release */ = {
			isa = XCBuildConfiguration;
			buildSettings = {
				ALWAYS_SEARCH_USER_PATHS = NO;
				CLANG_ANALYZER_NONNULL = YES;
				CLANG_ANALYZER_NUMBER_OBJECT_CONVERSION = YES_AGGRESSIVE;
				CLANG_CXX_LANGUAGE_STANDARD = "gnu++14";
				CLANG_CXX_LIBRARY = "libc++";
				CLANG_ENABLE_MODULES = YES;
				CLANG_ENABLE_OBJC_ARC = YES;
				CLANG_WARN_BLOCK_CAPTURE_AUTORELEASING = YES;
				CLANG_WARN_BOOL_CONVERSION = YES;
				CLANG_WARN_COMMA = YES;
				CLANG_WARN_CONSTANT_CONVERSION = YES;
				CLANG_WARN_DIRECT_OBJC_ISA_USAGE = YES_ERROR;
				CLANG_WARN_DOCUMENTATION_COMMENTS = YES;
				CLANG_WARN_EMPTY_BODY = YES;
				CLANG_WARN_ENUM_CONVERSION = YES;
				CLANG_WARN_INFINITE_RECURSION = YES;
				CLANG_WARN_INT_CONVERSION = YES;
				CLANG_WARN_NON_LITERAL_NULL_CONVERSION = YES;
				CLANG_WARN_OBJC_LITERAL_CONVERSION = YES;
				CLANG_WARN_OBJC_ROOT_CLASS = YES_ERROR;
				CLANG_WARN_RANGE_LOOP_ANALYSIS = YES;
				CLANG_WARN_STRICT_PROTOTYPES = YES;
				CLANG_WARN_SUSPICIOUS_MOVE = YES;
				CLANG_WARN_UNGUARDED_AVAILABILITY = YES_AGGRESSIVE;
				CLANG_WARN_UNREACHABLE_CODE = YES;
				CLANG_WARN__DUPLICATE_METHOD_MATCH = YES;
				CODE_SIGN_IDENTITY = "iPhone Developer";
				COPY_PHASE_STRIP = NO;
				DEBUG_INFORMATION_FORMAT = "dwarf-with-dsym";
				ENABLE_NS_ASSERTIONS = NO;
				ENABLE_STRICT_OBJC_MSGSEND = YES;
				GCC_C_LANGUAGE_STANDARD = gnu11;
				GCC_NO_COMMON_BLOCKS = YES;
				GCC_WARN_64_TO_32_BIT_CONVERSION = YES;
				GCC_WARN_ABOUT_RETURN_TYPE = YES_ERROR;
				GCC_WARN_UNDECLARED_SELECTOR = YES;
				GCC_WARN_UNINITIALIZED_AUTOS = YES_AGGRESSIVE;
				GCC_WARN_UNUSED_FUNCTION = YES;
				GCC_WARN_UNUSED_VARIABLE = YES;
				IPHONEOS_DEPLOYMENT_TARGET = 11.2;
				MTL_ENABLE_DEBUG_INFO = NO;
				SDKROOT = iphoneos;
				SWIFT_OPTIMIZATION_LEVEL = "-Owholemodule";
				VALIDATE_PRODUCT = YES;
			};
			name = Release;
		};
		06698DF4200AC2E400C51AFB /* Debug */ = {
			isa = XCBuildConfiguration;
			buildSettings = {
				ASSETCATALOG_COMPILER_APPICON_NAME = AppIcon;
				CODE_SIGN_STYLE = Automatic;
				INFOPLIST_FILE = ClcokApp/Info.plist;
				LD_RUNPATH_SEARCH_PATHS = "$(inherited) @executable_path/Frameworks";
				PRODUCT_BUNDLE_IDENTIFIER = "R-ESoftwareStudio.com.ClcokApp";
				PRODUCT_NAME = "$(TARGET_NAME)";
				SWIFT_VERSION = 4.0;
				TARGETED_DEVICE_FAMILY = "1,2";
			};
			name = Debug;
		};
		06698DF5200AC2E400C51AFB /* Release */ = {
			isa = XCBuildConfiguration;
			buildSettings = {
				ASSETCATALOG_COMPILER_APPICON_NAME = AppIcon;
				CODE_SIGN_STYLE = Automatic;
				INFOPLIST_FILE = ClcokApp/Info.plist;
				LD_RUNPATH_SEARCH_PATHS = "$(inherited) @executable_path/Frameworks";
				PRODUCT_BUNDLE_IDENTIFIER = "R-ESoftwareStudio.com.ClcokApp";
				PRODUCT_NAME = "$(TARGET_NAME)";
				SWIFT_VERSION = 4.0;
				TARGETED_DEVICE_FAMILY = "1,2";
			};
			name = Release;
		};
/* End XCBuildConfiguration section */

/* Begin XCConfigurationList section */
		06698DDC200AC2E400C51AFB /* Build configuration list for PBXProject "ClcokApp" */ = {
			isa = XCConfigurationList;
			buildConfigurations = (
				06698DF1200AC2E400C51AFB /* Debug */,
				06698DF2200AC2E400C51AFB /* Release */,
			);
			defaultConfigurationIsVisible = 0;
			defaultConfigurationName = Release;
		};
		06698DF3200AC2E400C51AFB /* Build configuration list for PBXNativeTarget "ClcokApp" */ = {
			isa = XCConfigurationList;
			buildConfigurations = (
				06698DF4200AC2E400C51AFB /* Debug */,
				06698DF5200AC2E400C51AFB /* Release */,
			);
			defaultConfigurationIsVisible = 0;
			defaultConfigurationName = Release;
		};
/* End XCConfigurationList section */
	};
	rootObject = 06698DD9200AC2E400C51AFB /* Project object */;
}
